// !$*UTF8*$!
{
	archiveVersion = 1;
	classes = {
	};
	objectVersion = 46;
	objects = {

/* Begin PBXBuildFile section */
		F02E17BB1B8EAF4700240C6B /* AppDelegate.swift in Sources */ = {isa = PBXBuildFile; fileRef = F02E17BA1B8EAF4700240C6B /* AppDelegate.swift */; };
		F02E17BD1B8EAF4700240C6B /* ViewController.swift in Sources */ = {isa = PBXBuildFile; fileRef = F02E17BC1B8EAF4700240C6B /* ViewController.swift */; };
		F02E17C01B8EAF4700240C6B /* Main.storyboard in Resources */ = {isa = PBXBuildFile; fileRef = F02E17BE1B8EAF4700240C6B /* Main.storyboard */; };
		F02E17C21B8EAF4700240C6B /* Images.xcassets in Resources */ = {isa = PBXBuildFile; fileRef = F02E17C11B8EAF4700240C6B /* Images.xcassets */; };
		F02E17C51B8EAF4700240C6B /* LaunchScreen.xib in Resources */ = {isa = PBXBuildFile; fileRef = F02E17C31B8EAF4700240C6B /* LaunchScreen.xib */; };
		F02E17D11B8EAF4700240C6B /* Photo_Search_ExampleTests.swift in Sources */ = {isa = PBXBuildFile; fileRef = F02E17D01B8EAF4700240C6B /* Photo_Search_ExampleTests.swift */; };
		F02E180F1B8EB57500240C6B /* AFHTTPRequestOperation.m in Sources */ = {isa = PBXBuildFile; fileRef = F02E17FD1B8EB57500240C6B /* AFHTTPRequestOperation.m */; };
		F02E18101B8EB57500240C6B /* AFHTTPRequestOperationManager.m in Sources */ = {isa = PBXBuildFile; fileRef = F02E17FF1B8EB57500240C6B /* AFHTTPRequestOperationManager.m */; };
		F02E18111B8EB57500240C6B /* AFHTTPSessionManager.m in Sources */ = {isa = PBXBuildFile; fileRef = F02E18011B8EB57500240C6B /* AFHTTPSessionManager.m */; };
		F02E18121B8EB57500240C6B /* AFNetworkReachabilityManager.m in Sources */ = {isa = PBXBuildFile; fileRef = F02E18041B8EB57500240C6B /* AFNetworkReachabilityManager.m */; };
		F02E18131B8EB57500240C6B /* AFSecurityPolicy.m in Sources */ = {isa = PBXBuildFile; fileRef = F02E18061B8EB57500240C6B /* AFSecurityPolicy.m */; };
		F02E18141B8EB57500240C6B /* AFURLConnectionOperation.m in Sources */ = {isa = PBXBuildFile; fileRef = F02E18081B8EB57500240C6B /* AFURLConnectionOperation.m */; };
		F02E18151B8EB57500240C6B /* AFURLRequestSerialization.m in Sources */ = {isa = PBXBuildFile; fileRef = F02E180A1B8EB57500240C6B /* AFURLRequestSerialization.m */; };
		F02E18161B8EB57500240C6B /* AFURLResponseSerialization.m in Sources */ = {isa = PBXBuildFile; fileRef = F02E180C1B8EB57500240C6B /* AFURLResponseSerialization.m */; };
		F02E18171B8EB57500240C6B /* AFURLSessionManager.m in Sources */ = {isa = PBXBuildFile; fileRef = F02E180E1B8EB57500240C6B /* AFURLSessionManager.m */; };
		F02E18461B8EC68200240C6B /* AFNetworkActivityIndicatorManager.m in Sources */ = {isa = PBXBuildFile; fileRef = F02E18351B8EC68200240C6B /* AFNetworkActivityIndicatorManager.m */; };
		F02E18471B8EC68200240C6B /* UIActivityIndicatorView+AFNetworking.m in Sources */ = {isa = PBXBuildFile; fileRef = F02E18371B8EC68200240C6B /* UIActivityIndicatorView+AFNetworking.m */; };
		F02E18481B8EC68200240C6B /* UIAlertView+AFNetworking.m in Sources */ = {isa = PBXBuildFile; fileRef = F02E18391B8EC68200240C6B /* UIAlertView+AFNetworking.m */; };
		F02E18491B8EC68200240C6B /* UIButton+AFNetworking.m in Sources */ = {isa = PBXBuildFile; fileRef = F02E183B1B8EC68200240C6B /* UIButton+AFNetworking.m */; };
		F02E184A1B8EC68200240C6B /* UIImageView+AFNetworking.m in Sources */ = {isa = PBXBuildFile; fileRef = F02E183E1B8EC68200240C6B /* UIImageView+AFNetworking.m */; };
		F02E184B1B8EC68200240C6B /* UIProgressView+AFNetworking.m in Sources */ = {isa = PBXBuildFile; fileRef = F02E18411B8EC68200240C6B /* UIProgressView+AFNetworking.m */; };
		F02E184C1B8EC68200240C6B /* UIRefreshControl+AFNetworking.m in Sources */ = {isa = PBXBuildFile; fileRef = F02E18431B8EC68200240C6B /* UIRefreshControl+AFNetworking.m */; };
		F02E184D1B8EC68200240C6B /* UIWebView+AFNetworking.m in Sources */ = {isa = PBXBuildFile; fileRef = F02E18451B8EC68200240C6B /* UIWebView+AFNetworking.m */; };
/* End PBXBuildFile section */

/* Begin PBXContainerItemProxy section */
		F02E17CB1B8EAF4700240C6B /* PBXContainerItemProxy */ = {
			isa = PBXContainerItemProxy;
			containerPortal = F02E17AD1B8EAF4700240C6B /* Project object */;
			proxyType = 1;
			remoteGlobalIDString = F02E17B41B8EAF4700240C6B;
			remoteInfo = "Photo Search Example";
		};
/* End PBXContainerItemProxy section */

/* Begin PBXFileReference section */
		F02E17B51B8EAF4700240C6B /* Photo Search Example.app */ = {isa = PBXFileReference; explicitFileType = wrapper.application; includeInIndex = 0; path = "Photo Search Example.app"; sourceTree = BUILT_PRODUCTS_DIR; };
		F02E17B91B8EAF4700240C6B /* Info.plist */ = {isa = PBXFileReference; lastKnownFileType = text.plist.xml; path = Info.plist; sourceTree = "<group>"; };
		F02E17BA1B8EAF4700240C6B /* AppDelegate.swift */ = {isa = PBXFileReference; lastKnownFileType = sourcecode.swift; path = AppDelegate.swift; sourceTree = "<group>"; };
		F02E17BC1B8EAF4700240C6B /* ViewController.swift */ = {isa = PBXFileReference; lastKnownFileType = sourcecode.swift; path = ViewController.swift; sourceTree = "<group>"; };
		F02E17BF1B8EAF4700240C6B /* Base */ = {isa = PBXFileReference; lastKnownFileType = file.storyboard; name = Base; path = Base.lproj/Main.storyboard; sourceTree = "<group>"; };
		F02E17C11B8EAF4700240C6B /* Images.xcassets */ = {isa = PBXFileReference; lastKnownFileType = folder.assetcatalog; path = Images.xcassets; sourceTree = "<group>"; };
		F02E17C41B8EAF4700240C6B /* Base */ = {isa = PBXFileReference; lastKnownFileType = file.xib; name = Base; path = Base.lproj/LaunchScreen.xib; sourceTree = "<group>"; };
		F02E17CA1B8EAF4700240C6B /* Photo Search ExampleTests.xctest */ = {isa = PBXFileReference; explicitFileType = wrapper.cfbundle; includeInIndex = 0; path = "Photo Search ExampleTests.xctest"; sourceTree = BUILT_PRODUCTS_DIR; };
		F02E17CF1B8EAF4700240C6B /* Info.plist */ = {isa = PBXFileReference; lastKnownFileType = text.plist.xml; path = Info.plist; sourceTree = "<group>"; };
		F02E17D01B8EAF4700240C6B /* Photo_Search_ExampleTests.swift */ = {isa = PBXFileReference; lastKnownFileType = sourcecode.swift; path = Photo_Search_ExampleTests.swift; sourceTree = "<group>"; };
		F02E17F71B8EAFA300240C6B /* Photo Search Example-Prefix.pch */ = {isa = PBXFileReference; lastKnownFileType = sourcecode.c.h; path = "Photo Search Example-Prefix.pch"; sourceTree = "<group>"; };
		F02E17FA1B8EB4B900240C6B /* bridge.h */ = {isa = PBXFileReference; fileEncoding = 4; lastKnownFileType = sourcecode.c.h; path = bridge.h; sourceTree = "<group>"; };
		F02E17FC1B8EB57500240C6B /* AFHTTPRequestOperation.h */ = {isa = PBXFileReference; fileEncoding = 4; lastKnownFileType = sourcecode.c.h; path = AFHTTPRequestOperation.h; sourceTree = "<group>"; };
		F02E17FD1B8EB57500240C6B /* AFHTTPRequestOperation.m */ = {isa = PBXFileReference; fileEncoding = 4; lastKnownFileType = sourcecode.c.objc; path = AFHTTPRequestOperation.m; sourceTree = "<group>"; };
		F02E17FE1B8EB57500240C6B /* AFHTTPRequestOperationManager.h */ = {isa = PBXFileReference; fileEncoding = 4; lastKnownFileType = sourcecode.c.h; path = AFHTTPRequestOperationManager.h; sourceTree = "<group>"; };
		F02E17FF1B8EB57500240C6B /* AFHTTPRequestOperationManager.m */ = {isa = PBXFileReference; fileEncoding = 4; lastKnownFileType = sourcecode.c.objc; path = AFHTTPRequestOperationManager.m; sourceTree = "<group>"; };
		F02E18001B8EB57500240C6B /* AFHTTPSessionManager.h */ = {isa = PBXFileReference; fileEncoding = 4; lastKnownFileType = sourcecode.c.h; path = AFHTTPSessionManager.h; sourceTree = "<group>"; };
		F02E18011B8EB57500240C6B /* AFHTTPSessionManager.m */ = {isa = PBXFileReference; fileEncoding = 4; lastKnownFileType = sourcecode.c.objc; path = AFHTTPSessionManager.m; sourceTree = "<group>"; };
		F02E18021B8EB57500240C6B /* AFNetworking.h */ = {isa = PBXFileReference; fileEncoding = 4; lastKnownFileType = sourcecode.c.h; path = AFNetworking.h; sourceTree = "<group>"; };
		F02E18031B8EB57500240C6B /* AFNetworkReachabilityManager.h */ = {isa = PBXFileReference; fileEncoding = 4; lastKnownFileType = sourcecode.c.h; path = AFNetworkReachabilityManager.h; sourceTree = "<group>"; };
		F02E18041B8EB57500240C6B /* AFNetworkReachabilityManager.m */ = {isa = PBXFileReference; fileEncoding = 4; lastKnownFileType = sourcecode.c.objc; path = AFNetworkReachabilityManager.m; sourceTree = "<group>"; };
		F02E18051B8EB57500240C6B /* AFSecurityPolicy.h */ = {isa = PBXFileReference; fileEncoding = 4; lastKnownFileType = sourcecode.c.h; path = AFSecurityPolicy.h; sourceTree = "<group>"; };
		F02E18061B8EB57500240C6B /* AFSecurityPolicy.m */ = {isa = PBXFileReference; fileEncoding = 4; lastKnownFileType = sourcecode.c.objc; path = AFSecurityPolicy.m; sourceTree = "<group>"; };
		F02E18071B8EB57500240C6B /* AFURLConnectionOperation.h */ = {isa = PBXFileReference; fileEncoding = 4; lastKnownFileType = sourcecode.c.h; path = AFURLConnectionOperation.h; sourceTree = "<group>"; };
		F02E18081B8EB57500240C6B /* AFURLConnectionOperation.m */ = {isa = PBXFileReference; fileEncoding = 4; lastKnownFileType = sourcecode.c.objc; path = AFURLConnectionOperation.m; sourceTree = "<group>"; };
		F02E18091B8EB57500240C6B /* AFURLRequestSerialization.h */ = {isa = PBXFileReference; fileEncoding = 4; lastKnownFileType = sourcecode.c.h; path = AFURLRequestSerialization.h; sourceTree = "<group>"; };
		F02E180A1B8EB57500240C6B /* AFURLRequestSerialization.m */ = {isa = PBXFileReference; fileEncoding = 4; lastKnownFileType = sourcecode.c.objc; path = AFURLRequestSerialization.m; sourceTree = "<group>"; };
		F02E180B1B8EB57500240C6B /* AFURLResponseSerialization.h */ = {isa = PBXFileReference; fileEncoding = 4; lastKnownFileType = sourcecode.c.h; path = AFURLResponseSerialization.h; sourceTree = "<group>"; };
		F02E180C1B8EB57500240C6B /* AFURLResponseSerialization.m */ = {isa = PBXFileReference; fileEncoding = 4; lastKnownFileType = sourcecode.c.objc; path = AFURLResponseSerialization.m; sourceTree = "<group>"; };
		F02E180D1B8EB57500240C6B /* AFURLSessionManager.h */ = {isa = PBXFileReference; fileEncoding = 4; lastKnownFileType = sourcecode.c.h; path = AFURLSessionManager.h; sourceTree = "<group>"; };
		F02E180E1B8EB57500240C6B /* AFURLSessionManager.m */ = {isa = PBXFileReference; fileEncoding = 4; lastKnownFileType = sourcecode.c.objc; path = AFURLSessionManager.m; sourceTree = "<group>"; };
		F02E18341B8EC68200240C6B /* AFNetworkActivityIndicatorManager.h */ = {isa = PBXFileReference; fileEncoding = 4; lastKnownFileType = sourcecode.c.h; path = AFNetworkActivityIndicatorManager.h; sourceTree = "<group>"; };
		F02E18351B8EC68200240C6B /* AFNetworkActivityIndicatorManager.m */ = {isa = PBXFileReference; fileEncoding = 4; lastKnownFileType = sourcecode.c.objc; path = AFNetworkActivityIndicatorManager.m; sourceTree = "<group>"; };
		F02E18361B8EC68200240C6B /* UIActivityIndicatorView+AFNetworking.h */ = {isa = PBXFileReference; fileEncoding = 4; lastKnownFileType = sourcecode.c.h; path = "UIActivityIndicatorView+AFNetworking.h"; sourceTree = "<group>"; };
		F02E18371B8EC68200240C6B /* UIActivityIndicatorView+AFNetworking.m */ = {isa = PBXFileReference; fileEncoding = 4; lastKnownFileType = sourcecode.c.objc; path = "UIActivityIndicatorView+AFNetworking.m"; sourceTree = "<group>"; };
		F02E18381B8EC68200240C6B /* UIAlertView+AFNetworking.h */ = {isa = PBXFileReference; fileEncoding = 4; lastKnownFileType = sourcecode.c.h; path = "UIAlertView+AFNetworking.h"; sourceTree = "<group>"; };
		F02E18391B8EC68200240C6B /* UIAlertView+AFNetworking.m */ = {isa = PBXFileReference; fileEncoding = 4; lastKnownFileType = sourcecode.c.objc; path = "UIAlertView+AFNetworking.m"; sourceTree = "<group>"; };
		F02E183A1B8EC68200240C6B /* UIButton+AFNetworking.h */ = {isa = PBXFileReference; fileEncoding = 4; lastKnownFileType = sourcecode.c.h; path = "UIButton+AFNetworking.h"; sourceTree = "<group>"; };
		F02E183B1B8EC68200240C6B /* UIButton+AFNetworking.m */ = {isa = PBXFileReference; fileEncoding = 4; lastKnownFileType = sourcecode.c.objc; path = "UIButton+AFNetworking.m"; sourceTree = "<group>"; };
		F02E183C1B8EC68200240C6B /* UIImage+AFNetworking.h */ = {isa = PBXFileReference; fileEncoding = 4; lastKnownFileType = sourcecode.c.h; path = "UIImage+AFNetworking.h"; sourceTree = "<group>"; };
		F02E183D1B8EC68200240C6B /* UIImageView+AFNetworking.h */ = {isa = PBXFileReference; fileEncoding = 4; lastKnownFileType = sourcecode.c.h; path = "UIImageView+AFNetworking.h"; sourceTree = "<group>"; };
		F02E183E1B8EC68200240C6B /* UIImageView+AFNetworking.m */ = {isa = PBXFileReference; fileEncoding = 4; lastKnownFileType = sourcecode.c.objc; path = "UIImageView+AFNetworking.m"; sourceTree = "<group>"; };
		F02E183F1B8EC68200240C6B /* UIKit+AFNetworking.h */ = {isa = PBXFileReference; fileEncoding = 4; lastKnownFileType = sourcecode.c.h; path = "UIKit+AFNetworking.h"; sourceTree = "<group>"; };
		F02E18401B8EC68200240C6B /* UIProgressView+AFNetworking.h */ = {isa = PBXFileReference; fileEncoding = 4; lastKnownFileType = sourcecode.c.h; path = "UIProgressView+AFNetworking.h"; sourceTree = "<group>"; };
		F02E18411B8EC68200240C6B /* UIProgressView+AFNetworking.m */ = {isa = PBXFileReference; fileEncoding = 4; lastKnownFileType = sourcecode.c.objc; path = "UIProgressView+AFNetworking.m"; sourceTree = "<group>"; };
		F02E18421B8EC68200240C6B /* UIRefreshControl+AFNetworking.h */ = {isa = PBXFileReference; fileEncoding = 4; lastKnownFileType = sourcecode.c.h; path = "UIRefreshControl+AFNetworking.h"; sourceTree = "<group>"; };
		F02E18431B8EC68200240C6B /* UIRefreshControl+AFNetworking.m */ = {isa = PBXFileReference; fileEncoding = 4; lastKnownFileType = sourcecode.c.objc; path = "UIRefreshControl+AFNetworking.m"; sourceTree = "<group>"; };
		F02E18441B8EC68200240C6B /* UIWebView+AFNetworking.h */ = {isa = PBXFileReference; fileEncoding = 4; lastKnownFileType = sourcecode.c.h; path = "UIWebView+AFNetworking.h"; sourceTree = "<group>"; };
		F02E18451B8EC68200240C6B /* UIWebView+AFNetworking.m */ = {isa = PBXFileReference; fileEncoding = 4; lastKnownFileType = sourcecode.c.objc; path = "UIWebView+AFNetworking.m"; sourceTree = "<group>"; };
/* End PBXFileReference section */

/* Begin PBXFrameworksBuildPhase section */
		F02E17B21B8EAF4700240C6B /* Frameworks */ = {
			isa = PBXFrameworksBuildPhase;
			buildActionMask = 2147483647;
			files = (
			);
			runOnlyForDeploymentPostprocessing = 0;
		};
		F02E17C71B8EAF4700240C6B /* Frameworks */ = {
			isa = PBXFrameworksBuildPhase;
			buildActionMask = 2147483647;
			files = (
			);
			runOnlyForDeploymentPostprocessing = 0;
		};
/* End PBXFrameworksBuildPhase section */

/* Begin PBXGroup section */
		F02E17AC1B8EAF4700240C6B = {
			isa = PBXGroup;
			children = (
				F02E18331B8EC68200240C6B /* UIKit+AFNetworking */,
				F02E17FA1B8EB4B900240C6B /* bridge.h */,
				F02E17F71B8EAFA300240C6B /* Photo Search Example-Prefix.pch */,
				F02E17B71B8EAF4700240C6B /* Photo Search Example */,
				F02E17CD1B8EAF4700240C6B /* Photo Search ExampleTests */,
				F02E17B61B8EAF4700240C6B /* Products */,
				F02E17FB1B8EB57500240C6B /* AFNetworking */,
			);
			sourceTree = "<group>";
		};
		F02E17B61B8EAF4700240C6B /* Products */ = {
			isa = PBXGroup;
			children = (
				F02E17B51B8EAF4700240C6B /* Photo Search Example.app */,
				F02E17CA1B8EAF4700240C6B /* Photo Search ExampleTests.xctest */,
			);
			name = Products;
			sourceTree = "<group>";
		};
		F02E17B71B8EAF4700240C6B /* Photo Search Example */ = {
			isa = PBXGroup;
			children = (
				F02E17BA1B8EAF4700240C6B /* AppDelegate.swift */,
				F02E17BC1B8EAF4700240C6B /* ViewController.swift */,
				F02E17BE1B8EAF4700240C6B /* Main.storyboard */,
				F02E17C11B8EAF4700240C6B /* Images.xcassets */,
				F02E17C31B8EAF4700240C6B /* LaunchScreen.xib */,
				F02E17B81B8EAF4700240C6B /* Supporting Files */,
			);
			path = "Photo Search Example";
			sourceTree = "<group>";
		};
		F02E17B81B8EAF4700240C6B /* Supporting Files */ = {
			isa = PBXGroup;
			children = (
				F02E17B91B8EAF4700240C6B /* Info.plist */,
			);
			name = "Supporting Files";
			sourceTree = "<group>";
		};
		F02E17CD1B8EAF4700240C6B /* Photo Search ExampleTests */ = {
			isa = PBXGroup;
			children = (
				F02E17D01B8EAF4700240C6B /* Photo_Search_ExampleTests.swift */,
				F02E17CE1B8EAF4700240C6B /* Supporting Files */,
			);
			path = "Photo Search ExampleTests";
			sourceTree = "<group>";
		};
		F02E17CE1B8EAF4700240C6B /* Supporting Files */ = {
			isa = PBXGroup;
			children = (
				F02E17CF1B8EAF4700240C6B /* Info.plist */,
			);
			name = "Supporting Files";
			sourceTree = "<group>";
		};
		F02E17FB1B8EB57500240C6B /* AFNetworking */ = {
			isa = PBXGroup;
			children = (
				F02E17FC1B8EB57500240C6B /* AFHTTPRequestOperation.h */,
				F02E17FD1B8EB57500240C6B /* AFHTTPRequestOperation.m */,
				F02E17FE1B8EB57500240C6B /* AFHTTPRequestOperationManager.h */,
				F02E17FF1B8EB57500240C6B /* AFHTTPRequestOperationManager.m */,
				F02E18001B8EB57500240C6B /* AFHTTPSessionManager.h */,
				F02E18011B8EB57500240C6B /* AFHTTPSessionManager.m */,
				F02E18021B8EB57500240C6B /* AFNetworking.h */,
				F02E18031B8EB57500240C6B /* AFNetworkReachabilityManager.h */,
				F02E18041B8EB57500240C6B /* AFNetworkReachabilityManager.m */,
				F02E18051B8EB57500240C6B /* AFSecurityPolicy.h */,
				F02E18061B8EB57500240C6B /* AFSecurityPolicy.m */,
				F02E18071B8EB57500240C6B /* AFURLConnectionOperation.h */,
				F02E18081B8EB57500240C6B /* AFURLConnectionOperation.m */,
				F02E18091B8EB57500240C6B /* AFURLRequestSerialization.h */,
				F02E180A1B8EB57500240C6B /* AFURLRequestSerialization.m */,
				F02E180B1B8EB57500240C6B /* AFURLResponseSerialization.h */,
				F02E180C1B8EB57500240C6B /* AFURLResponseSerialization.m */,
				F02E180D1B8EB57500240C6B /* AFURLSessionManager.h */,
				F02E180E1B8EB57500240C6B /* AFURLSessionManager.m */,
			);
			path = AFNetworking;
			sourceTree = "<group>";
		};
		F02E18331B8EC68200240C6B /* UIKit+AFNetworking */ = {
			isa = PBXGroup;
			children = (
				F02E18341B8EC68200240C6B /* AFNetworkActivityIndicatorManager.h */,
				F02E18351B8EC68200240C6B /* AFNetworkActivityIndicatorManager.m */,
				F02E18361B8EC68200240C6B /* UIActivityIndicatorView+AFNetworking.h */,
				F02E18371B8EC68200240C6B /* UIActivityIndicatorView+AFNetworking.m */,
				F02E18381B8EC68200240C6B /* UIAlertView+AFNetworking.h */,
				F02E18391B8EC68200240C6B /* UIAlertView+AFNetworking.m */,
				F02E183A1B8EC68200240C6B /* UIButton+AFNetworking.h */,
				F02E183B1B8EC68200240C6B /* UIButton+AFNetworking.m */,
				F02E183C1B8EC68200240C6B /* UIImage+AFNetworking.h */,
				F02E183D1B8EC68200240C6B /* UIImageView+AFNetworking.h */,
				F02E183E1B8EC68200240C6B /* UIImageView+AFNetworking.m */,
				F02E183F1B8EC68200240C6B /* UIKit+AFNetworking.h */,
				F02E18401B8EC68200240C6B /* UIProgressView+AFNetworking.h */,
				F02E18411B8EC68200240C6B /* UIProgressView+AFNetworking.m */,
				F02E18421B8EC68200240C6B /* UIRefreshControl+AFNetworking.h */,
				F02E18431B8EC68200240C6B /* UIRefreshControl+AFNetworking.m */,
				F02E18441B8EC68200240C6B /* UIWebView+AFNetworking.h */,
				F02E18451B8EC68200240C6B /* UIWebView+AFNetworking.m */,
			);
			path = "UIKit+AFNetworking";
			sourceTree = "<group>";
		};
/* End PBXGroup section */

/* Begin PBXNativeTarget section */
		F02E17B41B8EAF4700240C6B /* Photo Search Example */ = {
			isa = PBXNativeTarget;
			buildConfigurationList = F02E17D41B8EAF4700240C6B /* Build configuration list for PBXNativeTarget "Photo Search Example" */;
			buildPhases = (
				F02E17B11B8EAF4700240C6B /* Sources */,
				F02E17B21B8EAF4700240C6B /* Frameworks */,
				F02E17B31B8EAF4700240C6B /* Resources */,
			);
			buildRules = (
			);
			dependencies = (
			);
			name = "Photo Search Example";
			productName = "Photo Search Example";
			productReference = F02E17B51B8EAF4700240C6B /* Photo Search Example.app */;
			productType = "com.apple.product-type.application";
		};
		F02E17C91B8EAF4700240C6B /* Photo Search ExampleTests */ = {
			isa = PBXNativeTarget;
			buildConfigurationList = F02E17D71B8EAF4700240C6B /* Build configuration list for PBXNativeTarget "Photo Search ExampleTests" */;
			buildPhases = (
				F02E17C61B8EAF4700240C6B /* Sources */,
				F02E17C71B8EAF4700240C6B /* Frameworks */,
				F02E17C81B8EAF4700240C6B /* Resources */,
			);
			buildRules = (
			);
			dependencies = (
				F02E17CC1B8EAF4700240C6B /* PBXTargetDependency */,
			);
			name = "Photo Search ExampleTests";
			productName = "Photo Search ExampleTests";
			productReference = F02E17CA1B8EAF4700240C6B /* Photo Search ExampleTests.xctest */;
			productType = "com.apple.product-type.bundle.unit-test";
		};
/* End PBXNativeTarget section */

/* Begin PBXProject section */
		F02E17AD1B8EAF4700240C6B /* Project object */ = {
			isa = PBXProject;
			attributes = {
				LastUpgradeCheck = 0640;
				ORGANIZATIONNAME = Lok;
				TargetAttributes = {
					F02E17B41B8EAF4700240C6B = {
						CreatedOnToolsVersion = 6.4;
					};
					F02E17C91B8EAF4700240C6B = {
						CreatedOnToolsVersion = 6.4;
						TestTargetID = F02E17B41B8EAF4700240C6B;
					};
				};
			};
			buildConfigurationList = F02E17B01B8EAF4700240C6B /* Build configuration list for PBXProject "Photo Search Example" */;
			compatibilityVersion = "Xcode 3.2";
			developmentRegion = English;
			hasScannedForEncodings = 0;
			knownRegions = (
				en,
				Base,
			);
			mainGroup = F02E17AC1B8EAF4700240C6B;
			productRefGroup = F02E17B61B8EAF4700240C6B /* Products */;
			projectDirPath = "";
			projectRoot = "";
			targets = (
				F02E17B41B8EAF4700240C6B /* Photo Search Example */,
				F02E17C91B8EAF4700240C6B /* Photo Search ExampleTests */,
			);
		};
/* End PBXProject section */

/* Begin PBXResourcesBuildPhase section */
		F02E17B31B8EAF4700240C6B /* Resources */ = {
			isa = PBXResourcesBuildPhase;
			buildActionMask = 2147483647;
			files = (
				F02E17C01B8EAF4700240C6B /* Main.storyboard in Resources */,
				F02E17C51B8EAF4700240C6B /* LaunchScreen.xib in Resources */,
				F02E17C21B8EAF4700240C6B /* Images.xcassets in Resources */,
			);
			runOnlyForDeploymentPostprocessing = 0;
		};
		F02E17C81B8EAF4700240C6B /* Resources */ = {
			isa = PBXResourcesBuildPhase;
			buildActionMask = 2147483647;
			files = (
			);
			runOnlyForDeploymentPostprocessing = 0;
		};
/* End PBXResourcesBuildPhase section */

/* Begin PBXSourcesBuildPhase section */
		F02E17B11B8EAF4700240C6B /* Sources */ = {
			isa = PBXSourcesBuildPhase;
			buildActionMask = 2147483647;
			files = (
				F02E18151B8EB57500240C6B /* AFURLRequestSerialization.m in Sources */,
				F02E18141B8EB57500240C6B /* AFURLConnectionOperation.m in Sources */,
				F02E18481B8EC68200240C6B /* UIAlertView+AFNetworking.m in Sources */,
				F02E18131B8EB57500240C6B /* AFSecurityPolicy.m in Sources */,
				F02E180F1B8EB57500240C6B /* AFHTTPRequestOperation.m in Sources */,
				F02E18171B8EB57500240C6B /* AFURLSessionManager.m in Sources */,
				F02E18161B8EB57500240C6B /* AFURLResponseSerialization.m in Sources */,
				F02E17BD1B8EAF4700240C6B /* ViewController.swift in Sources */,
				F02E184B1B8EC68200240C6B /* UIProgressView+AFNetworking.m in Sources */,
				F02E18111B8EB57500240C6B /* AFHTTPSessionManager.m in Sources */,
				F02E18461B8EC68200240C6B /* AFNetworkActivityIndicatorManager.m in Sources */,
				F02E18101B8EB57500240C6B /* AFHTTPRequestOperationManager.m in Sources */,
				F02E184A1B8EC68200240C6B /* UIImageView+AFNetworking.m in Sources */,
				F02E18491B8EC68200240C6B /* UIButton+AFNetworking.m in Sources */,
				F02E184C1B8EC68200240C6B /* UIRefreshControl+AFNetworking.m in Sources */,
				F02E184D1B8EC68200240C6B /* UIWebView+AFNetworking.m in Sources */,
				F02E18121B8EB57500240C6B /* AFNetworkReachabilityManager.m in Sources */,
				F02E17BB1B8EAF4700240C6B /* AppDelegate.swift in Sources */,
				F02E18471B8EC68200240C6B /* UIActivityIndicatorView+AFNetworking.m in Sources */,
			);
			runOnlyForDeploymentPostprocessing = 0;
		};
		F02E17C61B8EAF4700240C6B /* Sources */ = {
			isa = PBXSourcesBuildPhase;
			buildActionMask = 2147483647;
			files = (
				F02E17D11B8EAF4700240C6B /* Photo_Search_ExampleTests.swift in Sources */,
			);
			runOnlyForDeploymentPostprocessing = 0;
		};
/* End PBXSourcesBuildPhase section */

/* Begin PBXTargetDependency section */
		F02E17CC1B8EAF4700240C6B /* PBXTargetDependency */ = {
			isa = PBXTargetDependency;
			target = F02E17B41B8EAF4700240C6B /* Photo Search Example */;
			targetProxy = F02E17CB1B8EAF4700240C6B /* PBXContainerItemProxy */;
		};
/* End PBXTargetDependency section */

/* Begin PBXVariantGroup section */
		F02E17BE1B8EAF4700240C6B /* Main.storyboard */ = {
			isa = PBXVariantGroup;
			children = (
				F02E17BF1B8EAF4700240C6B /* Base */,
			);
			name = Main.storyboard;
			sourceTree = "<group>";
		};
		F02E17C31B8EAF4700240C6B /* LaunchScreen.xib */ = {
			isa = PBXVariantGroup;
			children = (
				F02E17C41B8EAF4700240C6B /* Base */,
			);
			name = LaunchScreen.xib;
			sourceTree = "<group>";
		};
/* End PBXVariantGroup section */

/* Begin XCBuildConfiguration section */
		F02E17D21B8EAF4700240C6B /* Debug */ = {
			isa = XCBuildConfiguration;
			buildSettings = {
				ALWAYS_SEARCH_USER_PATHS = NO;
				CLANG_CXX_LANGUAGE_STANDARD = "gnu++0x";
				CLANG_CXX_LIBRARY = "libc++";
				CLANG_ENABLE_MODULES = YES;
				CLANG_ENABLE_OBJC_ARC = YES;
				CLANG_WARN_BOOL_CONVERSION = YES;
				CLANG_WARN_CONSTANT_CONVERSION = YES;
				CLANG_WARN_DIRECT_OBJC_ISA_USAGE = YES_ERROR;
				CLANG_WARN_EMPTY_BODY = YES;
				CLANG_WARN_ENUM_CONVERSION = YES;
				CLANG_WARN_INT_CONVERSION = YES;
				CLANG_WARN_OBJC_ROOT_CLASS = YES_ERROR;
				CLANG_WARN_UNREACHABLE_CODE = YES;
				CLANG_WARN__DUPLICATE_METHOD_MATCH = YES;
				"CODE_SIGN_IDENTITY[sdk=iphoneos*]" = "iPhone Developer";
				COPY_PHASE_STRIP = NO;
				DEBUG_INFORMATION_FORMAT = "dwarf-with-dsym";
				ENABLE_STRICT_OBJC_MSGSEND = YES;
				GCC_C_LANGUAGE_STANDARD = gnu99;
				GCC_DYNAMIC_NO_PIC = NO;
				GCC_NO_COMMON_BLOCKS = YES;
				GCC_OPTIMIZATION_LEVEL = 0;
				GCC_PREPROCESSOR_DEFINITIONS = (
					"DEBUG=1",
					"$(inherited)",
				);
				GCC_SYMBOLS_PRIVATE_EXTERN = NO;
				GCC_WARN_64_TO_32_BIT_CONVERSION = YES;
				GCC_WARN_ABOUT_RETURN_TYPE = YES_ERROR;
				GCC_WARN_UNDECLARED_SELECTOR = YES;
				GCC_WARN_UNINITIALIZED_AUTOS = YES_AGGRESSIVE;
				GCC_WARN_UNUSED_FUNCTION = YES;
				GCC_WARN_UNUSED_VARIABLE = YES;
				IPHONEOS_DEPLOYMENT_TARGET = 8.4;
				MTL_ENABLE_DEBUG_INFO = YES;
				ONLY_ACTIVE_ARCH = YES;
				SDKROOT = iphoneos;
				SWIFT_OPTIMIZATION_LEVEL = "-Onone";
				TARGETED_DEVICE_FAMILY = "1,2";
			};
			name = Debug;
		};
		F02E17D31B8EAF4700240C6B /* Release */ = {
			isa = XCBuildConfiguration;
			buildSettings = {
				ALWAYS_SEARCH_USER_PATHS = NO;
				CLANG_CXX_LANGUAGE_STANDARD = "gnu++0x";
				CLANG_CXX_LIBRARY = "libc++";
				CLANG_ENABLE_MODULES = YES;
				CLANG_ENABLE_OBJC_ARC = YES;
				CLANG_WARN_BOOL_CONVERSION = YES;
				CLANG_WARN_CONSTANT_CONVERSION = YES;
				CLANG_WARN_DIRECT_OBJC_ISA_USAGE = YES_ERROR;
				CLANG_WARN_EMPTY_BODY = YES;
				CLANG_WARN_ENUM_CONVERSION = YES;
				CLANG_WARN_INT_CONVERSION = YES;
				CLANG_WARN_OBJC_ROOT_CLASS = YES_ERROR;
				CLANG_WARN_UNREACHABLE_CODE = YES;
				CLANG_WARN__DUPLICATE_METHOD_MATCH = YES;
				"CODE_SIGN_IDENTITY[sdk=iphoneos*]" = "iPhone Developer";
				COPY_PHASE_STRIP = NO;
				DEBUG_INFORMATION_FORMAT = "dwarf-with-dsym";
				ENABLE_NS_ASSERTIONS = NO;
				ENABLE_STRICT_OBJC_MSGSEND = YES;
				GCC_C_LANGUAGE_STANDARD = gnu99;
				GCC_NO_COMMON_BLOCKS = YES;
				GCC_WARN_64_TO_32_BIT_CONVERSION = YES;
				GCC_WARN_ABOUT_RETURN_TYPE = YES_ERROR;
				GCC_WARN_UNDECLARED_SELECTOR = YES;
				GCC_WARN_UNINITIALIZED_AUTOS = YES_AGGRESSIVE;
				GCC_WARN_UNUSED_FUNCTION = YES;
				GCC_WARN_UNUSED_VARIABLE = YES;
				IPHONEOS_DEPLOYMENT_TARGET = 8.4;
				MTL_ENABLE_DEBUG_INFO = NO;
				SDKROOT = iphoneos;
				TARGETED_DEVICE_FAMILY = "1,2";
				VALIDATE_PRODUCT = YES;
			};
			name = Release;
		};
		F02E17D51B8EAF4700240C6B /* Debug */ = {
			isa = XCBuildConfiguration;
			buildSettings = {
				ASSETCATALOG_COMPILER_APPICON_NAME = AppIcon;
				DEFINES_MODULE = YES;
				GCC_PREFIX_HEADER = "Photo Search Example-Prefix.pch";
				INFOPLIST_FILE = "Photo Search Example/Info.plist";
				LD_RUNPATH_SEARCH_PATHS = "$(inherited) @executable_path/Frameworks";
				PRODUCT_NAME = "$(TARGET_NAME)";
				SWIFT_OBJC_BRIDGING_HEADER = bridge.h;
			};
			name = Debug;
		};
		F02E17D61B8EAF4700240C6B /* Release */ = {
			isa = XCBuildConfiguration;
			buildSettings = {
				ASSETCATALOG_COMPILER_APPICON_NAME = AppIcon;
				DEFINES_MODULE = YES;
				GCC_PREFIX_HEADER = "Photo Search Example-Prefix.pch";
				INFOPLIST_FILE = "Photo Search Example/Info.plist";
				LD_RUNPATH_SEARCH_PATHS = "$(inherited) @executable_path/Frameworks";
				PRODUCT_NAME = "$(TARGET_NAME)";
				SWIFT_OBJC_BRIDGING_HEADER = bridge.h;
			};
			name = Release;
		};
		F02E17D81B8EAF4700240C6B /* Debug */ = {
			isa = XCBuildConfiguration;
			buildSettings = {
				BUNDLE_LOADER = "$(TEST_HOST)";
				FRAMEWORK_SEARCH_PATHS = (
					"$(SDKROOT)/Developer/Library/Frameworks",
					"$(inherited)",
				);
				GCC_PREPROCESSOR_DEFINITIONS = (
					"DEBUG=1",
					"$(inherited)",
				);
				INFOPLIST_FILE = "Photo Search ExampleTests/Info.plist";
				LD_RUNPATH_SEARCH_PATHS = "$(inherited) @executable_path/Frameworks @loader_path/Frameworks";
				PRODUCT_NAME = "$(TARGET_NAME)";
				TEST_HOST = "$(BUILT_PRODUCTS_DIR)/Photo Search Example.app/Photo Search Example";
			};
			name = Debug;
		};
		F02E17D91B8EAF4700240C6B /* Release */ = {
			isa = XCBuildConfiguration;
			buildSettings = {
				BUNDLE_LOADER = "$(TEST_HOST)";
				FRAMEWORK_SEARCH_PATHS = (
					"$(SDKROOT)/Developer/Library/Frameworks",
					"$(inherited)",
				);
				INFOPLIST_FILE = "Photo Search ExampleTests/Info.plist";
				LD_RUNPATH_SEARCH_PATHS = "$(inherited) @executable_path/Frameworks @loader_path/Frameworks";
				PRODUCT_NAME = "$(TARGET_NAME)";
				TEST_HOST = "$(BUILT_PRODUCTS_DIR)/Photo Search Example.app/Photo Search Example";
			};
			name = Release;
		};
/* End XCBuildConfiguration section */

/* Begin XCConfigurationList section */
		F02E17B01B8EAF4700240C6B /* Build configuration list for PBXProject "Photo Search Example" */ = {
			isa = XCConfigurationList;
			buildConfigurations = (
				F02E17D21B8EAF4700240C6B /* Debug */,
				F02E17D31B8EAF4700240C6B /* Release */,
			);
			defaultConfigurationIsVisible = 0;
			defaultConfigurationName = Release;
		};
		F02E17D41B8EAF4700240C6B /* Build configuration list for PBXNativeTarget "Photo Search Example" */ = {
			isa = XCConfigurationList;
			buildConfigurations = (
				F02E17D51B8EAF4700240C6B /* Debug */,
				F02E17D61B8EAF4700240C6B /* Release */,
			);
			defaultConfigurationIsVisible = 0;
		};
		F02E17D71B8EAF4700240C6B /* Build configuration list for PBXNativeTarget "Photo Search ExampleTests" */ = {
			isa = XCConfigurationList;
			buildConfigurations = (
				F02E17D81B8EAF4700240C6B /* Debug */,
				F02E17D91B8EAF4700240C6B /* Release */,
			);
			defaultConfigurationIsVisible = 0;
		};
/* End XCConfigurationList section */
	};
	rootObject = F02E17AD1B8EAF4700240C6B /* Project object */;
}
